
Microsoft Visual Studio Solution File, Format Version 12.00
# Visual Studio Version 17
VisualStudioVersion = 17.10.35013.160
MinimumVisualStudioVersion = 10.0.40219.1
Project("{9A19103F-16F7-4668-BE54-9A1E7A4F7556}") = "ProjectCuoiKi", "ProjectCuoiKi\ProjectCuoiKi.csproj", "{22F88D5A-24F1-4E6A-9E9E-55EB8A780E81}"
EndProject
Project("{FAE04EC0-301F-11D3-BF4B-00C04F79EFBC}") = "Media.DataAccess", "Media.DataAccess\Media.DataAccess.csproj", "{A86528A8-A255-456E-8AB8-D280490332DC}"
EndProject
Project("{FAE04EC0-301F-11D3-BF4B-00C04F79EFBC}") = "Media.Utility", "Media.Utility\Media.Utility.csproj", "{47E7ECE8-4272-4255-AA0D-2C4DCD39956A}"
EndProject
Project("{FAE04EC0-301F-11D3-BF4B-00C04F79EFBC}") = "Media.Models", "Media.Models\Media.Models.csproj", "{F72208FA-DC62-4EA6-8CA1-6FE06531CCD5}"
EndProject
Global
	GlobalSection(SolutionConfigurationPlatforms) = preSolution
		Debug|Any CPU = Debug|Any CPU
		Release|Any CPU = Release|Any CPU
	EndGlobalSection
	GlobalSection(ProjectConfigurationPlatforms) = postSolution
		{22F88D5A-24F1-4E6A-9E9E-55EB8A780E81}.Debug|Any CPU.ActiveCfg = Debug|Any CPU
		{22F88D5A-24F1-4E6A-9E9E-55EB8A780E81}.Debug|Any CPU.Build.0 = Debug|Any CPU
		{22F88D5A-24F1-4E6A-9E9E-55EB8A780E81}.Release|Any CPU.ActiveCfg = Release|Any CPU
		{22F88D5A-24F1-4E6A-9E9E-55EB8A780E81}.Release|Any CPU.Build.0 = Release|Any CPU
		{A86528A8-A255-456E-8AB8-D280490332DC}.Debug|Any CPU.ActiveCfg = Debug|Any CPU
		{A86528A8-A255-456E-8AB8-D280490332DC}.Debug|Any CPU.Build.0 = Debug|Any CPU
		{A86528A8-A255-456E-8AB8-D280490332DC}.Release|Any CPU.ActiveCfg = Release|Any CPU
		{A86528A8-A255-456E-8AB8-D280490332DC}.Release|Any CPU.Build.0 = Release|Any CPU
		{47E7ECE8-4272-4255-AA0D-2C4DCD39956A}.Debug|Any CPU.ActiveCfg = Debug|Any CPU
		{47E7ECE8-4272-4255-AA0D-2C4DCD39956A}.Debug|Any CPU.Build.0 = Debug|Any CPU
		{47E7ECE8-4272-4255-AA0D-2C4DCD39956A}.Release|Any CPU.ActiveCfg = Release|Any CPU
		{47E7ECE8-4272-4255-AA0D-2C4DCD39956A}.Release|Any CPU.Build.0 = Release|Any CPU
		{F72208FA-DC62-4EA6-8CA1-6FE06531CCD5}.Debug|Any CPU.ActiveCfg = Debug|Any CPU
		{F72208FA-DC62-4EA6-8CA1-6FE06531CCD5}.Debug|Any CPU.Build.0 = Debug|Any CPU
		{F72208FA-DC62-4EA6-8CA1-6FE06531CCD5}.Release|Any CPU.ActiveCfg = Release|Any CPU
		{F72208FA-DC62-4EA6-8CA1-6FE06531CCD5}.Release|Any CPU.Build.0 = Release|Any CPU
	EndGlobalSection
	GlobalSection(SolutionProperties) = preSolution
		HideSolutionNode = FALSE
	EndGlobalSection
	GlobalSection(ExtensibilityGlobals) = postSolution
		SolutionGuid = {B4B79A19-A4F9-40A7-9369-FF81C6F182A7}
	EndGlobalSection
EndGlobal
